// !$*UTF8*$!
{
	archiveVersion = 1;
	classes = {
	};
	objectVersion = 55;
	objects = {

/* Begin PBXBuildFile section */
		134532CC2982B0200005F008 /* Model-table.swift in Sources */ = {isa = PBXBuildFile; fileRef = 134532CB2982B0200005F008 /* Model-table.swift */; };
		13672CC92977F5B1004E6A64 /* description-this proj in Resources */ = {isa = PBXBuildFile; fileRef = 13672CC82977F5B1004E6A64 /* description-this proj */; };
		137099EA29817F0B006DDDDF /* CollectionVc.swift in Sources */ = {isa = PBXBuildFile; fileRef = 137099E929817F0B006DDDDF /* CollectionVc.swift */; };
		137F073E2986EA3D00657CAE /* CustomTableViewCell.swift in Sources */ = {isa = PBXBuildFile; fileRef = 137F073D2986EA3D00657CAE /* CustomTableViewCell.swift */; };
		13AFAAEB2981933D004BD71D /* Model-collection.swift in Sources */ = {isa = PBXBuildFile; fileRef = 13AFAAEA2981933D004BD71D /* Model-collection.swift */; };
		13AFAAED298198A8004BD71D /* CollectionViewCell.swift in Sources */ = {isa = PBXBuildFile; fileRef = 13AFAAEC298198A8004BD71D /* CollectionViewCell.swift */; };
		13D555BC2975C8A100B184BD /* AppDelegate.swift in Sources */ = {isa = PBXBuildFile; fileRef = 13D555BB2975C8A100B184BD /* AppDelegate.swift */; };
		13D555BE2975C8A100B184BD /* SceneDelegate.swift in Sources */ = {isa = PBXBuildFile; fileRef = 13D555BD2975C8A100B184BD /* SceneDelegate.swift */; };
		13D555C32975C8A100B184BD /* Main.storyboard in Resources */ = {isa = PBXBuildFile; fileRef = 13D555C12975C8A100B184BD /* Main.storyboard */; };
		13D555C52975C8A300B184BD /* Assets.xcassets in Resources */ = {isa = PBXBuildFile; fileRef = 13D555C42975C8A300B184BD /* Assets.xcassets */; };
		13D555C82975C8A300B184BD /* LaunchScreen.storyboard in Resources */ = {isa = PBXBuildFile; fileRef = 13D555C62975C8A300B184BD /* LaunchScreen.storyboard */; };
		13E12AC72983F407007A728B /* HeroVC.swift in Sources */ = {isa = PBXBuildFile; fileRef = 13E12AC62983F407007A728B /* HeroVC.swift */; };
		13E12AC92983F587007A728B /* TableVc.swift in Sources */ = {isa = PBXBuildFile; fileRef = 13E12AC82983F587007A728B /* TableVc.swift */; };
/* End PBXBuildFile section */

/* Begin PBXFileReference section */
		134532CB2982B0200005F008 /* Model-table.swift */ = {isa = PBXFileReference; lastKnownFileType = sourcecode.swift; path = "Model-table.swift"; sourceTree = "<group>"; };
		13672CC82977F5B1004E6A64 /* description-this proj */ = {isa = PBXFileReference; lastKnownFileType = text; path = "description-this proj"; sourceTree = "<group>"; };
		137099E929817F0B006DDDDF /* CollectionVc.swift */ = {isa = PBXFileReference; lastKnownFileType = sourcecode.swift; path = CollectionVc.swift; sourceTree = "<group>"; };
		137F073D2986EA3D00657CAE /* CustomTableViewCell.swift */ = {isa = PBXFileReference; lastKnownFileType = sourcecode.swift; path = CustomTableViewCell.swift; sourceTree = "<group>"; };
		13AFAAEA2981933D004BD71D /* Model-collection.swift */ = {isa = PBXFileReference; lastKnownFileType = sourcecode.swift; path = "Model-collection.swift"; sourceTree = "<group>"; };
		13AFAAEC298198A8004BD71D /* CollectionViewCell.swift */ = {isa = PBXFileReference; lastKnownFileType = sourcecode.swift; path = CollectionViewCell.swift; sourceTree = "<group>"; };
		13D555B82975C8A100B184BD /* tableView-api-NC1.app */ = {isa = PBXFileReference; explicitFileType = wrapper.application; includeInIndex = 0; path = "tableView-api-NC1.app"; sourceTree = BUILT_PRODUCTS_DIR; };
		13D555BB2975C8A100B184BD /* AppDelegate.swift */ = {isa = PBXFileReference; lastKnownFileType = sourcecode.swift; path = AppDelegate.swift; sourceTree = "<group>"; };
		13D555BD2975C8A100B184BD /* SceneDelegate.swift */ = {isa = PBXFileReference; lastKnownFileType = sourcecode.swift; path = SceneDelegate.swift; sourceTree = "<group>"; };
		13D555C22975C8A100B184BD /* Base */ = {isa = PBXFileReference; lastKnownFileType = file.storyboard; name = Base; path = Base.lproj/Main.storyboard; sourceTree = "<group>"; };
		13D555C42975C8A300B184BD /* Assets.xcassets */ = {isa = PBXFileReference; lastKnownFileType = folder.assetcatalog; path = Assets.xcassets; sourceTree = "<group>"; };
		13D555C72975C8A300B184BD /* Base */ = {isa = PBXFileReference; lastKnownFileType = file.storyboard; name = Base; path = Base.lproj/LaunchScreen.storyboard; sourceTree = "<group>"; };
		13D555C92975C8A300B184BD /* Info.plist */ = {isa = PBXFileReference; lastKnownFileType = text.plist.xml; path = Info.plist; sourceTree = "<group>"; };
		13E12AC62983F407007A728B /* HeroVC.swift */ = {isa = PBXFileReference; lastKnownFileType = sourcecode.swift; path = HeroVC.swift; sourceTree = "<group>"; };
		13E12AC82983F587007A728B /* TableVc.swift */ = {isa = PBXFileReference; lastKnownFileType = sourcecode.swift; path = TableVc.swift; sourceTree = "<group>"; };
/* End PBXFileReference section */

/* Begin PBXFrameworksBuildPhase section */
		13D555B52975C8A100B184BD /* Frameworks */ = {
			isa = PBXFrameworksBuildPhase;
			buildActionMask = 2147483647;
			files = (
			);
			runOnlyForDeploymentPostprocessing = 0;
		};
/* End PBXFrameworksBuildPhase section */

/* Begin PBXGroup section */
		1325A6AF298521AF00D63604 /* Delegate */ = {
			isa = PBXGroup;
			children = (
				13D555BB2975C8A100B184BD /* AppDelegate.swift */,
				13D555BD2975C8A100B184BD /* SceneDelegate.swift */,
			);
			path = Delegate;
			sourceTree = "<group>";
		};
		134532CD2982B0370005F008 /* collectionView */ = {
			isa = PBXGroup;
			children = (
				137099E929817F0B006DDDDF /* CollectionVc.swift */,
				13AFAAEC298198A8004BD71D /* CollectionViewCell.swift */,
				13AFAAEA2981933D004BD71D /* Model-collection.swift */,
			);
			path = collectionView;
			sourceTree = "<group>";
		};
		134532CE2982B0840005F008 /* TableView */ = {
			isa = PBXGroup;
			children = (
				13E12AC82983F587007A728B /* TableVc.swift */,
				137F073D2986EA3D00657CAE /* CustomTableViewCell.swift */,
				13E12AC62983F407007A728B /* HeroVC.swift */,
				134532CB2982B0200005F008 /* Model-table.swift */,
			);
			path = TableView;
			sourceTree = "<group>";
		};
		13D555AF2975C8A100B184BD = {
			isa = PBXGroup;
			children = (
				13D555BA2975C8A100B184BD /* tableView-api-NC1 */,
				13D555B92975C8A100B184BD /* Products */,
			);
			sourceTree = "<group>";
		};
		13D555B92975C8A100B184BD /* Products */ = {
			isa = PBXGroup;
			children = (
				13D555B82975C8A100B184BD /* tableView-api-NC1.app */,
			);
			name = Products;
			sourceTree = "<group>";
		};
		13D555BA2975C8A100B184BD /* tableView-api-NC1 */ = {
			isa = PBXGroup;
			children = (
				1325A6AF298521AF00D63604 /* Delegate */,
				134532CD2982B0370005F008 /* collectionView */,
				134532CE2982B0840005F008 /* TableView */,
				13D555C12975C8A100B184BD /* Main.storyboard */,
				13D555C42975C8A300B184BD /* Assets.xcassets */,
				13D555C62975C8A300B184BD /* LaunchScreen.storyboard */,
				13D555C92975C8A300B184BD /* Info.plist */,
				13672CC82977F5B1004E6A64 /* description-this proj */,
			);
			path = "tableView-api-NC1";
			sourceTree = "<group>";
		};
/* End PBXGroup section */

/* Begin PBXNativeTarget section */
		13D555B72975C8A100B184BD /* tableView-api-NC1 */ = {
			isa = PBXNativeTarget;
			buildConfigurationList = 13D555CC2975C8A300B184BD /* Build configuration list for PBXNativeTarget "tableView-api-NC1" */;
			buildPhases = (
				13D555B42975C8A100B184BD /* Sources */,
				13D555B52975C8A100B184BD /* Frameworks */,
				13D555B62975C8A100B184BD /* Resources */,
			);
			buildRules = (
			);
			dependencies = (
			);
			name = "tableView-api-NC1";
			productName = "tableView-api-NC1";
			productReference = 13D555B82975C8A100B184BD /* tableView-api-NC1.app */;
			productType = "com.apple.product-type.application";
		};
/* End PBXNativeTarget section */

/* Begin PBXProject section */
		13D555B02975C8A100B184BD /* Project object */ = {
			isa = PBXProject;
			attributes = {
				BuildIndependentTargetsInParallel = 1;
				LastSwiftUpdateCheck = 1340;
				LastUpgradeCheck = 1340;
				TargetAttributes = {
					13D555B72975C8A100B184BD = {
						CreatedOnToolsVersion = 13.4.1;
					};
				};
			};
			buildConfigurationList = 13D555B32975C8A100B184BD /* Build configuration list for PBXProject "tableView-api-NC1" */;
			compatibilityVersion = "Xcode 13.0";
			developmentRegion = en;
			hasScannedForEncodings = 0;
			knownRegions = (
				en,
				Base,
			);
			mainGroup = 13D555AF2975C8A100B184BD;
			productRefGroup = 13D555B92975C8A100B184BD /* Products */;
			projectDirPath = "";
			projectRoot = "";
			targets = (
				13D555B72975C8A100B184BD /* tableView-api-NC1 */,
			);
		};
/* End PBXProject section */

/* Begin PBXResourcesBuildPhase section */
		13D555B62975C8A100B184BD /* Resources */ = {
			isa = PBXResourcesBuildPhase;
			buildActionMask = 2147483647;
			files = (
				13D555C82975C8A300B184BD /* LaunchScreen.storyboard in Resources */,
				13672CC92977F5B1004E6A64 /* description-this proj in Resources */,
				13D555C52975C8A300B184BD /* Assets.xcassets in Resources */,
				13D555C32975C8A100B184BD /* Main.storyboard in Resources */,
			);
			runOnlyForDeploymentPostprocessing = 0;
		};
/* End PBXResourcesBuildPhase section */

/* Begin PBXSourcesBuildPhase section */
		13D555B42975C8A100B184BD /* Sources */ = {
			isa = PBXSourcesBuildPhase;
			buildActionMask = 2147483647;
			files = (
				137F073E2986EA3D00657CAE /* CustomTableViewCell.swift in Sources */,
				13AFAAED298198A8004BD71D /* CollectionViewCell.swift in Sources */,
				13E12AC72983F407007A728B /* HeroVC.swift in Sources */,
				137099EA29817F0B006DDDDF /* CollectionVc.swift in Sources */,
				134532CC2982B0200005F008 /* Model-table.swift in Sources */,
				13D555BC2975C8A100B184BD /* AppDelegate.swift in Sources */,
				13D555BE2975C8A100B184BD /* SceneDelegate.swift in Sources */,
				13E12AC92983F587007A728B /* TableVc.swift in Sources */,
				13AFAAEB2981933D004BD71D /* Model-collection.swift in Sources */,
			);
			runOnlyForDeploymentPostprocessing = 0;
		};
/* End PBXSourcesBuildPhase section */

/* Begin PBXVariantGroup section */
		13D555C12975C8A100B184BD /* Main.storyboard */ = {
			isa = PBXVariantGroup;
			children = (
				13D555C22975C8A100B184BD /* Base */,
			);
			name = Main.storyboard;
			sourceTree = "<group>";
		};
		13D555C62975C8A300B184BD /* LaunchScreen.storyboard */ = {
			isa = PBXVariantGroup;
			children = (
				13D555C72975C8A300B184BD /* Base */,
			);
			name = LaunchScreen.storyboard;
			sourceTree = "<group>";
		};
/* End PBXVariantGroup section */

/* Begin XCBuildConfiguration section */
		13D555CA2975C8A300B184BD /* Debug */ = {
			isa = XCBuildConfiguration;
			buildSettings = {
				ALWAYS_SEARCH_USER_PATHS = NO;
				CLANG_ANALYZER_NONNULL = YES;
				CLANG_ANALYZER_NUMBER_OBJECT_CONVERSION = YES_AGGRESSIVE;
				CLANG_CXX_LANGUAGE_STANDARD = "gnu++17";
				CLANG_ENABLE_MODULES = YES;
				CLANG_ENABLE_OBJC_ARC = YES;
				CLANG_ENABLE_OBJC_WEAK = YES;
				CLANG_WARN_BLOCK_CAPTURE_AUTORELEASING = YES;
				CLANG_WARN_BOOL_CONVERSION = YES;
				CLANG_WARN_COMMA = YES;
				CLANG_WARN_CONSTANT_CONVERSION = YES;
				CLANG_WARN_DEPRECATED_OBJC_IMPLEMENTATIONS = YES;
				CLANG_WARN_DIRECT_OBJC_ISA_USAGE = YES_ERROR;
				CLANG_WARN_DOCUMENTATION_COMMENTS = YES;
				CLANG_WARN_EMPTY_BODY = YES;
				CLANG_WARN_ENUM_CONVERSION = YES;
				CLANG_WARN_INFINITE_RECURSION = YES;
				CLANG_WARN_INT_CONVERSION = YES;
				CLANG_WARN_NON_LITERAL_NULL_CONVERSION = YES;
				CLANG_WARN_OBJC_IMPLICIT_RETAIN_SELF = YES;
				CLANG_WARN_OBJC_LITERAL_CONVERSION = YES;
				CLANG_WARN_OBJC_ROOT_CLASS = YES_ERROR;
				CLANG_WARN_QUOTED_INCLUDE_IN_FRAMEWORK_HEADER = YES;
				CLANG_WARN_RANGE_LOOP_ANALYSIS = YES;
				CLANG_WARN_STRICT_PROTOTYPES = YES;
				CLANG_WARN_SUSPICIOUS_MOVE = YES;
				CLANG_WARN_UNGUARDED_AVAILABILITY = YES_AGGRESSIVE;
				CLANG_WARN_UNREACHABLE_CODE = YES;
				CLANG_WARN__DUPLICATE_METHOD_MATCH = YES;
				COPY_PHASE_STRIP = NO;
				DEBUG_INFORMATION_FORMAT = dwarf;
				ENABLE_STRICT_OBJC_MSGSEND = YES;
				ENABLE_TESTABILITY = YES;
				GCC_C_LANGUAGE_STANDARD = gnu11;
				GCC_DYNAMIC_NO_PIC = NO;
				GCC_NO_COMMON_BLOCKS = YES;
				GCC_OPTIMIZATION_LEVEL = 0;
				GCC_PREPROCESSOR_DEFINITIONS = (
					"DEBUG=1",
					"$(inherited)",
				);
				GCC_WARN_64_TO_32_BIT_CONVERSION = YES;
				GCC_WARN_ABOUT_RETURN_TYPE = YES_ERROR;
				GCC_WARN_UNDECLARED_SELECTOR = YES;
				GCC_WARN_UNINITIALIZED_AUTOS = YES_AGGRESSIVE;
				GCC_WARN_UNUSED_FUNCTION = YES;
				GCC_WARN_UNUSED_VARIABLE = YES;
				IPHONEOS_DEPLOYMENT_TARGET = 15.5;
				MTL_ENABLE_DEBUG_INFO = INCLUDE_SOURCE;
				MTL_FAST_MATH = YES;
				ONLY_ACTIVE_ARCH = YES;
				SDKROOT = iphoneos;
				SWIFT_ACTIVE_COMPILATION_CONDITIONS = DEBUG;
				SWIFT_OPTIMIZATION_LEVEL = "-Onone";
			};
			name = Debug;
		};
		13D555CB2975C8A300B184BD /* Release */ = {
			isa = XCBuildConfiguration;
			buildSettings = {
				ALWAYS_SEARCH_USER_PATHS = NO;
				CLANG_ANALYZER_NONNULL = YES;
				CLANG_ANALYZER_NUMBER_OBJECT_CONVERSION = YES_AGGRESSIVE;
				CLANG_CXX_LANGUAGE_STANDARD = "gnu++17";
				CLANG_ENABLE_MODULES = YES;
				CLANG_ENABLE_OBJC_ARC = YES;
				CLANG_ENABLE_OBJC_WEAK = YES;
				CLANG_WARN_BLOCK_CAPTURE_AUTORELEASING = YES;
				CLANG_WARN_BOOL_CONVERSION = YES;
				CLANG_WARN_COMMA = YES;
				CLANG_WARN_CONSTANT_CONVERSION = YES;
				CLANG_WARN_DEPRECATED_OBJC_IMPLEMENTATIONS = YES;
				CLANG_WARN_DIRECT_OBJC_ISA_USAGE = YES_ERROR;
				CLANG_WARN_DOCUMENTATION_COMMENTS = YES;
				CLANG_WARN_EMPTY_BODY = YES;
				CLANG_WARN_ENUM_CONVERSION = YES;
				CLANG_WARN_INFINITE_RECURSION = YES;
				CLANG_WARN_INT_CONVERSION = YES;
				CLANG_WARN_NON_LITERAL_NULL_CONVERSION = YES;
				CLANG_WARN_OBJC_IMPLICIT_RETAIN_SELF = YES;
				CLANG_WARN_OBJC_LITERAL_CONVERSION = YES;
				CLANG_WARN_OBJC_ROOT_CLASS = YES_ERROR;
				CLANG_WARN_QUOTED_INCLUDE_IN_FRAMEWORK_HEADER = YES;
				CLANG_WARN_RANGE_LOOP_ANALYSIS = YES;
				CLANG_WARN_STRICT_PROTOTYPES = YES;
				CLANG_WARN_SUSPICIOUS_MOVE = YES;
				CLANG_WARN_UNGUARDED_AVAILABILITY = YES_AGGRESSIVE;
				CLANG_WARN_UNREACHABLE_CODE = YES;
				CLANG_WARN__DUPLICATE_METHOD_MATCH = YES;
				COPY_PHASE_STRIP = NO;
				DEBUG_INFORMATION_FORMAT = "dwarf-with-dsym";
				ENABLE_NS_ASSERTIONS = NO;
				ENABLE_STRICT_OBJC_MSGSEND = YES;
				GCC_C_LANGUAGE_STANDARD = gnu11;
				GCC_NO_COMMON_BLOCKS = YES;
				GCC_WARN_64_TO_32_BIT_CONVERSION = YES;
				GCC_WARN_ABOUT_RETURN_TYPE = YES_ERROR;
				GCC_WARN_UNDECLARED_SELECTOR = YES;
				GCC_WARN_UNINITIALIZED_AUTOS = YES_AGGRESSIVE;
				GCC_WARN_UNUSED_FUNCTION = YES;
				GCC_WARN_UNUSED_VARIABLE = YES;
				IPHONEOS_DEPLOYMENT_TARGET = 15.5;
				MTL_ENABLE_DEBUG_INFO = NO;
				MTL_FAST_MATH = YES;
				SDKROOT = iphoneos;
				SWIFT_COMPILATION_MODE = wholemodule;
				SWIFT_OPTIMIZATION_LEVEL = "-O";
				VALIDATE_PRODUCT = YES;
			};
			name = Release;
		};
		13D555CD2975C8A300B184BD /* Debug */ = {
			isa = XCBuildConfiguration;
			buildSettings = {
				ASSETCATALOG_COMPILER_APPICON_NAME = AppIcon;
				ASSETCATALOG_COMPILER_GLOBAL_ACCENT_COLOR_NAME = AccentColor;
				CODE_SIGN_STYLE = Automatic;
				CURRENT_PROJECT_VERSION = 1;
				GENERATE_INFOPLIST_FILE = YES;
				INFOPLIST_FILE = "tableView-api-NC1/Info.plist";
				INFOPLIST_KEY_UIApplicationSupportsIndirectInputEvents = YES;
				INFOPLIST_KEY_UILaunchStoryboardName = LaunchScreen;
				INFOPLIST_KEY_UIMainStoryboardFile = Main;
				INFOPLIST_KEY_UISupportedInterfaceOrientations_iPad = "UIInterfaceOrientationPortrait UIInterfaceOrientationPortraitUpsideDown UIInterfaceOrientationLandscapeLeft UIInterfaceOrientationLandscapeRight";
				INFOPLIST_KEY_UISupportedInterfaceOrientations_iPhone = "UIInterfaceOrientationPortrait UIInterfaceOrientationLandscapeLeft UIInterfaceOrientationLandscapeRight";
				LD_RUNPATH_SEARCH_PATHS = (
					"$(inherited)",
					"@executable_path/Frameworks",
				);
				MARKETING_VERSION = 1.0;
				PRODUCT_BUNDLE_IDENTIFIER = "esmaeili.tableView-api-NC1";
				PRODUCT_NAME = "$(TARGET_NAME)";
				SWIFT_EMIT_LOC_STRINGS = YES;
				SWIFT_VERSION = 5.0;
				TARGETED_DEVICE_FAMILY = "1,2";
			};
			name = Debug;
		};
		13D555CE2975C8A300B184BD /* Release */ = {
			isa = XCBuildConfiguration;
			buildSettings = {
				ASSETCATALOG_COMPILER_APPICON_NAME = AppIcon;
				ASSETCATALOG_COMPILER_GLOBAL_ACCENT_COLOR_NAME = AccentColor;
				CODE_SIGN_STYLE = Automatic;
				CURRENT_PROJECT_VERSION = 1;
				GENERATE_INFOPLIST_FILE = YES;
				INFOPLIST_FILE = "tableView-api-NC1/Info.plist";
				INFOPLIST_KEY_UIApplicationSupportsIndirectInputEvents = YES;
				INFOPLIST_KEY_UILaunchStoryboardName = LaunchScreen;
				INFOPLIST_KEY_UIMainStoryboardFile = Main;
				INFOPLIST_KEY_UISupportedInterfaceOrientations_iPad = "UIInterfaceOrientationPortrait UIInterfaceOrientationPortraitUpsideDown UIInterfaceOrientationLandscapeLeft UIInterfaceOrientationLandscapeRight";
				INFOPLIST_KEY_UISupportedInterfaceOrientations_iPhone = "UIInterfaceOrientationPortrait UIInterfaceOrientationLandscapeLeft UIInterfaceOrientationLandscapeRight";
				LD_RUNPATH_SEARCH_PATHS = (
					"$(inherited)",
					"@executable_path/Frameworks",
				);
				MARKETING_VERSION = 1.0;
				PRODUCT_BUNDLE_IDENTIFIER = "esmaeili.tableView-api-NC1";
				PRODUCT_NAME = "$(TARGET_NAME)";
				SWIFT_EMIT_LOC_STRINGS = YES;
				SWIFT_VERSION = 5.0;
				TARGETED_DEVICE_FAMILY = "1,2";
			};
			name = Release;
		};
/* End XCBuildConfiguration section */

/* Begin XCConfigurationList section */
		13D555B32975C8A100B184BD /* Build configuration list for PBXProject "tableView-api-NC1" */ = {
			isa = XCConfigurationList;
			buildConfigurations = (
				13D555CA2975C8A300B184BD /* Debug */,
				13D555CB2975C8A300B184BD /* Release */,
			);
			defaultConfigurationIsVisible = 0;
			defaultConfigurationName = Release;
		};
		13D555CC2975C8A300B184BD /* Build configuration list for PBXNativeTarget "tableView-api-NC1" */ = {
			isa = XCConfigurationList;
			buildConfigurations = (
				13D555CD2975C8A300B184BD /* Debug */,
				13D555CE2975C8A300B184BD /* Release */,
			);
			defaultConfigurationIsVisible = 0;
			defaultConfigurationName = Release;
		};
/* End XCConfigurationList section */
	};
	rootObject = 13D555B02975C8A100B184BD /* Project object */;
}
